
Microsoft Visual Studio Solution File, Format Version 12.00
# Visual Studio Version 16
VisualStudioVersion = 16.0.31727.386
MinimumVisualStudioVersion = 10.0.40219.1
Project("{8BC9CEB8-8B4A-11D0-8D11-00A0C91BC942}") = "Lab01", "Lab01\Lab01.vcxproj", "{542D6E88-7FFE-419A-8BBE-60E633BB27BE}"
EndProject
Global
	GlobalSection(SolutionConfigurationPlatforms) = preSolution
		Debug|x64 = Debug|x64
		Debug|x86 = Debug|x86
		Release|x64 = Release|x64
		Release|x86 = Release|x86
	EndGlobalSection
	GlobalSection(ProjectConfigurationPlatforms) = postSolution
		{542D6E88-7FFE-419A-8BBE-60E633BB27BE}.Debug|x64.ActiveCfg = Debug|x64
		{542D6E88-7FFE-419A-8BBE-60E633BB27BE}.Debug|x64.Build.0 = Debug|x64
		{542D6E88-7FFE-419A-8BBE-60E633BB27BE}.Debug|x86.ActiveCfg = Debug|Win32
		{542D6E88-7FFE-419A-8BBE-60E633BB27BE}.Debug|x86.Build.0 = Debug|Win32
		{542D6E88-7FFE-419A-8BBE-60E633BB27BE}.Release|x64.ActiveCfg = Release|x64
		{542D6E88-7FFE-419A-8BBE-60E633BB27BE}.Release|x64.Build.0 = Release|x64
		{542D6E88-7FFE-419A-8BBE-60E633BB27BE}.Release|x86.ActiveCfg = Release|Win32
		{542D6E88-7FFE-419A-8BBE-60E633BB27BE}.Release|x86.Build.0 = Release|Win32
	EndGlobalSection
	GlobalSection(SolutionProperties) = preSolution
		HideSolutionNode = FALSE
	EndGlobalSection
	GlobalSection(ExtensibilityGlobals) = postSolution
		SolutionGuid = {C772C885-9768-45F5-95CF-5A3799655F15}
	EndGlobalSection
EndGlobal
